
Microsoft Visual Studio Solution File, Format Version 12.00
# Visual Studio Version 16
VisualStudioVersion = 16.0.32106.194
MinimumVisualStudioVersion = 10.0.40219.1
Project("{FAE04EC0-301F-11D3-BF4B-00C04F79EFBC}") = "Ex.3", "Ex.3\Ex.3.csproj", "{42EAADA0-31F4-4DA6-9C71-7B91A46E7AFA}"
EndProject
Global
	GlobalSection(SolutionConfigurationPlatforms) = preSolution
		Debug|Any CPU = Debug|Any CPU
		Release|Any CPU = Release|Any CPU
	EndGlobalSection
	GlobalSection(ProjectConfigurationPlatforms) = postSolution
		{42EAADA0-31F4-4DA6-9C71-7B91A46E7AFA}.Debug|Any CPU.ActiveCfg = Debug|Any CPU
		{42EAADA0-31F4-4DA6-9C71-7B91A46E7AFA}.Debug|Any CPU.Build.0 = Debug|Any CPU
		{42EAADA0-31F4-4DA6-9C71-7B91A46E7AFA}.Release|Any CPU.ActiveCfg = Release|Any CPU
		{42EAADA0-31F4-4DA6-9C71-7B91A46E7AFA}.Release|Any CPU.Build.0 = Release|Any CPU
	EndGlobalSection
	GlobalSection(SolutionProperties) = preSolution
		HideSolutionNode = FALSE
	EndGlobalSection
	GlobalSection(ExtensibilityGlobals) = postSolution
		SolutionGuid = {87CF01B6-89A2-4D41-8F42-06BAA5F2A93D}
	EndGlobalSection
EndGlobal
